
Microsoft Visual Studio Solution File, Format Version 12.00
# Visual Studio Version 17
VisualStudioVersion = 17.1.32328.378
MinimumVisualStudioVersion = 15.0.26124.0
Project("{2150E333-8FDC-42A3-9474-1A3956D46DE8}") = "src", "src", "{0F904004-B3C6-44FD-9353-875E54DDECB8}"
EndProject
Project("{9A19103F-16F7-4668-BE54-9A1E7A4F7556}") = "BulldogGameNight", "src\BulldogGameNight\BulldogGameNight.csproj", "{0CDB6624-B0B3-420D-9359-4E5F497E03F0}"
EndProject
Global
	GlobalSection(SolutionConfigurationPlatforms) = preSolution
		Debug|Any CPU = Debug|Any CPU
		Debug|x64 = Debug|x64
		Debug|x86 = Debug|x86
		Release|Any CPU = Release|Any CPU
		Release|x64 = Release|x64
		Release|x86 = Release|x86
	EndGlobalSection
	GlobalSection(ProjectConfigurationPlatforms) = postSolution
		{0CDB6624-B0B3-420D-9359-4E5F497E03F0}.Debug|Any CPU.ActiveCfg = Debug|Any CPU
		{0CDB6624-B0B3-420D-9359-4E5F497E03F0}.Debug|Any CPU.Build.0 = Debug|Any CPU
		{0CDB6624-B0B3-420D-9359-4E5F497E03F0}.Debug|x64.ActiveCfg = Debug|Any CPU
		{0CDB6624-B0B3-420D-9359-4E5F497E03F0}.Debug|x64.Build.0 = Debug|Any CPU
		{0CDB6624-B0B3-420D-9359-4E5F497E03F0}.Debug|x86.ActiveCfg = Debug|Any CPU
		{0CDB6624-B0B3-420D-9359-4E5F497E03F0}.Debug|x86.Build.0 = Debug|Any CPU
		{0CDB6624-B0B3-420D-9359-4E5F497E03F0}.Release|Any CPU.ActiveCfg = Release|Any CPU
		{0CDB6624-B0B3-420D-9359-4E5F497E03F0}.Release|Any CPU.Build.0 = Release|Any CPU
		{0CDB6624-B0B3-420D-9359-4E5F497E03F0}.Release|x64.ActiveCfg = Release|Any CPU
		{0CDB6624-B0B3-420D-9359-4E5F497E03F0}.Release|x64.Build.0 = Release|Any CPU
		{0CDB6624-B0B3-420D-9359-4E5F497E03F0}.Release|x86.ActiveCfg = Release|Any CPU
		{0CDB6624-B0B3-420D-9359-4E5F497E03F0}.Release|x86.Build.0 = Release|Any CPU
	EndGlobalSection
	GlobalSection(SolutionProperties) = preSolution
		HideSolutionNode = FALSE
	EndGlobalSection
	GlobalSection(NestedProjects) = preSolution
		{0CDB6624-B0B3-420D-9359-4E5F497E03F0} = {0F904004-B3C6-44FD-9353-875E54DDECB8}
	EndGlobalSection
	GlobalSection(ExtensibilityGlobals) = postSolution
		SolutionGuid = {0E98073E-13C6-4673-8822-7DE85A080208}
	EndGlobalSection
EndGlobal
